
Microsoft Visual Studio Solution File, Format Version 12.00
# Visual Studio Version 17
VisualStudioVersion = 17.8.34511.84
MinimumVisualStudioVersion = 10.0.40219.1
Project("{FAE04EC0-301F-11D3-BF4B-00C04F79EFBC}") = "Views", "Views.csproj", "{99563B0E-162A-44CE-B874-5D261FA5B82B}"
EndProject
Global
	GlobalSection(SolutionConfigurationPlatforms) = preSolution
		Debug|Any CPU = Debug|Any CPU
		Release|Any CPU = Release|Any CPU
	EndGlobalSection
	GlobalSection(ProjectConfigurationPlatforms) = postSolution
		{99563B0E-162A-44CE-B874-5D261FA5B82B}.Debug|Any CPU.ActiveCfg = Debug|Any CPU
		{99563B0E-162A-44CE-B874-5D261FA5B82B}.Debug|Any CPU.Build.0 = Debug|Any CPU
		{99563B0E-162A-44CE-B874-5D261FA5B82B}.Release|Any CPU.ActiveCfg = Release|Any CPU
		{99563B0E-162A-44CE-B874-5D261FA5B82B}.Release|Any CPU.Build.0 = Release|Any CPU
	EndGlobalSection
	GlobalSection(SolutionProperties) = preSolution
		HideSolutionNode = FALSE
	EndGlobalSection
	GlobalSection(ExtensibilityGlobals) = postSolution
		SolutionGuid = {018E9AFE-21F1-4E0B-AF1B-869BFE52ABFE}
	EndGlobalSection
EndGlobal
