
Microsoft Visual Studio Solution File, Format Version 12.00
# Visual Studio Version 17
VisualStudioVersion = 17.8.34511.84
MinimumVisualStudioVersion = 10.0.40219.1
Project("{9A19103F-16F7-4668-BE54-9A1E7A4F7556}") = "PartialViewe Veri Gönderme", "PartialViewe Veri Gönderme.csproj", "{63BBA7A5-0526-4523-AA37-6783E7F983D7}"
EndProject
Global
	GlobalSection(SolutionConfigurationPlatforms) = preSolution
		Debug|Any CPU = Debug|Any CPU
		Release|Any CPU = Release|Any CPU
	EndGlobalSection
	GlobalSection(ProjectConfigurationPlatforms) = postSolution
		{63BBA7A5-0526-4523-AA37-6783E7F983D7}.Debug|Any CPU.ActiveCfg = Debug|Any CPU
		{63BBA7A5-0526-4523-AA37-6783E7F983D7}.Debug|Any CPU.Build.0 = Debug|Any CPU
		{63BBA7A5-0526-4523-AA37-6783E7F983D7}.Release|Any CPU.ActiveCfg = Release|Any CPU
		{63BBA7A5-0526-4523-AA37-6783E7F983D7}.Release|Any CPU.Build.0 = Release|Any CPU
	EndGlobalSection
	GlobalSection(SolutionProperties) = preSolution
		HideSolutionNode = FALSE
	EndGlobalSection
	GlobalSection(ExtensibilityGlobals) = postSolution
		SolutionGuid = {B938F9A8-2FDD-4342-912C-A332B87C2C3A}
	EndGlobalSection
EndGlobal
